
Microsoft Visual Studio Solution File, Format Version 12.00
# Visual Studio Version 16
VisualStudioVersion = 16.0.30114.105
MinimumVisualStudioVersion = 10.0.40219.1
Project("{FAE04EC0-301F-11D3-BF4B-00C04F79EFBC}") = "Rebalance", "Rebalance\Rebalance.csproj", "{DE8E45A6-9D2A-44C8-AB93-1C878280AF12}"
EndProject
Global
	GlobalSection(SolutionConfigurationPlatforms) = preSolution
		Debug|Any CPU = Debug|Any CPU
		Release|Any CPU = Release|Any CPU
	EndGlobalSection
	GlobalSection(ProjectConfigurationPlatforms) = postSolution
		{DE8E45A6-9D2A-44C8-AB93-1C878280AF12}.Debug|Any CPU.ActiveCfg = Debug|Any CPU
		{DE8E45A6-9D2A-44C8-AB93-1C878280AF12}.Debug|Any CPU.Build.0 = Debug|Any CPU
		{DE8E45A6-9D2A-44C8-AB93-1C878280AF12}.Release|Any CPU.ActiveCfg = Release|Any CPU
		{DE8E45A6-9D2A-44C8-AB93-1C878280AF12}.Release|Any CPU.Build.0 = Release|Any CPU
	EndGlobalSection
	GlobalSection(SolutionProperties) = preSolution
		HideSolutionNode = FALSE
	EndGlobalSection
	GlobalSection(ExtensibilityGlobals) = postSolution
		SolutionGuid = {DE59630E-AD62-4BC0-8E3C-E22F7FA55D39}
	EndGlobalSection
EndGlobal
